{
  "lockfileVersion": 1,
  "workspaces": {
    "": {
      "name": "@com.ai.vn/cli",
      "dependencies": {
        "@pglite/core": "^1.0.0",
        "@types/qrcode-terminal": "^0.12.2",
        "qrcode-terminal": "^0.12.0",
      },
      "devDependencies": {
        "@types/bun": "latest",
        "kysely": "^0.29.6",
      },
    },
  },
  "packages": {
    "@pglite/core": ["@pglite/core@1.0.0", "", { "dependencies": { "mitata": "^1.0.34" }, "peerDependencies": { "typescript": "^5" } }, "sha512-9zNgxAhGXPLSRGodFVVdZ1Lcvcfp3+9KB4tJuW1ZgwylIofDVlxEv2hh4nWlz94jW+YUzVIjQQ+qIaZr1AahYA=="],

    "@types/bun": ["@types/bun@1.4.2", "", { "dependencies": { "bun-types": "1.4.2" } }, "sha512-GimotNn7+ZV0uVArItBbriZsR1oNf0+WTzPkdcFrzShI7k2norL0uzEaJT8T33dWr7O/c9ZDuAFQrctKCi72oQ=="],

    "@types/node": ["@types/node@22.20.3", "", { "dependencies": { "undici-types": "~6.21.0" } }, "sha512-DZmzkmwHzXrLPAXPyKNDzlIwMMUZCVacoD25ywdy5YTKGbOx/2ld+Q38Im2zJ0vBuZP5Prd3VZutKZyXwkOS8A=="],

    "@types/qrcode-terminal": ["@types/qrcode-terminal@0.12.2", "", {}, "sha512-v+RcIEJ+Uhd6ygSQ0u5YYY7ZM+la7GgPbs0V/7l/kFs2uO4S8BcIUEMoP7za4DNIqNnUD5npf0A/7kBhrCKG5Q=="],

    "bun-types": ["bun-types@1.4.2", "", { "dependencies": { "@types/node": "*" } }, "sha512-bxV1FgK7yBIzjRe5zBozIM4Bem11ZJcCXSrjWRG3YWLt8yFDePu4cLjpebO8OvPeIE9trbyPF4fuj3Cia4Fj3w=="],

    "kysely": ["kysely@0.29.6", "", {}, "sha512-hHaB8C/rfzDDtr/t8YZwxAuPJTT0zHyaPoVzcXwDYhYNAgH/4sIfVhi/XLLIY+bL/FqaIJnjATDbi8ObSELmxg=="],

    "mitata": ["mitata@1.0.34", "", {}, "sha512-Mc3zrtNBKIMeHSCQ0XqRLo1vbdIx1wvFV9c8NJAiyho6AjNfMY8bVhbS12bwciUdd1t4rj8099CH3N3NFahaUA=="],

    "qrcode-terminal": ["qrcode-terminal@0.12.0", "", { "bin": { "qrcode-terminal": "./bin/qrcode-terminal.js" } }, "sha512-EXtzRZmC+YGmGlDFbXKxQiMZNwCLEO6BANKXG4iCtSIM0yqc/pappSx3RIKr4r0uh5JsBckOXeKrB3Iz7mdQpQ=="],

    "typescript": ["typescript@5.9.3", "", { "bin": { "tsc": "bin/tsc", "tsserver": "bin/tsserver" } }, "sha512-jl1vZzPDinLr9eUt3J/t7V6FgNEw9QjvBPdysz9KfQDD41fQrC2Y4vKQdiaUpFT4bXlb1RHhLpp8wtm6M5TgSw=="],

    "undici-types": ["undici-types@6.21.0", "", {}, "sha512-iwDZqg0QAGrg9Rav5H4n0M64c3mkR59cJ6wQp+7C4nI0gsmExaedaYLNO44eT4AtBBwjbTiGPMlt2Md0T9H9JQ=="],
  }
}
